{
  "version": 4,
  "terraform_version": "0.12.13",
  "serial": 45,
  "lineage": "7e5a0b0b-6879-75bb-d89e-f0ea67e6269a",
  "outputs": {},
  "resources": [
    {
      "mode": "data",
      "type": "google_client_config",
      "name": "current",
      "provider": "provider.google",
      "instances": [
        {
          "schema_version": 0,
          "attributes": {
            "access_token": "ya29.c.KmSvB0h37k7sRF0RwnmR6jSGofdLBgvTsEnjknnutOQsLIlFQknFBBoVzKNWkF_Mxlnhk4z61rwQUtjGwI9VdVBW6xK_Kdg_fQ5ACjeKYYOWP35NvVTNcxEZZZ5l_gyMR-rEx30A",
            "id": "2019-11-02 02:34:57.5176312 +0000 UTC",
            "project": "sublime-lodge-256822",
            "region": "us-central",
            "zone": ""
          }
        }
      ]
    },
    {
      "mode": "managed",
      "type": "google_container_cluster",
      "name": "primary",
      "provider": "provider.google-beta",
      "instances": [
        {
          "schema_version": 1,
          "attributes": {
            "additional_zones": [
              "us-central1-b",
              "us-central1-c",
              "us-central1-f"
            ],
            "addons_config": [
              {
                "cloudrun_config": [],
                "horizontal_pod_autoscaling": [],
                "http_load_balancing": [],
                "istio_config": [],
                "kubernetes_dashboard": [
                  {
                    "disabled": true
                  }
                ],
                "network_policy_config": [
                  {
                    "disabled": true
                  }
                ]
              }
            ],
            "authenticator_groups_config": [],
            "cluster_autoscaling": [
              {
                "enabled": false,
                "resource_limits": []
              }
            ],
            "cluster_ipv4_cidr": "10.8.0.0/14",
            "database_encryption": [
              {
                "key_name": "",
                "state": "DECRYPTED"
              }
            ],
            "default_max_pods_per_node": 110,
            "description": "",
            "enable_binary_authorization": false,
            "enable_intranode_visibility": false,
            "enable_kubernetes_alpha": false,
            "enable_legacy_abac": false,
            "enable_shielded_nodes": false,
            "enable_tpu": false,
            "endpoint": "35.238.135.102",
            "id": "eisa",
            "initial_node_count": 1,
            "instance_group_urls": [
              "https://www.googleapis.com/compute/beta/projects/sublime-lodge-256822/zones/us-central1-b/instanceGroups/gke-eisa-default-pool-6e577535-grp",
              "https://www.googleapis.com/compute/beta/projects/sublime-lodge-256822/zones/us-central1-f/instanceGroups/gke-eisa-default-pool-9099a833-grp",
              "https://www.googleapis.com/compute/beta/projects/sublime-lodge-256822/zones/us-central1-c/instanceGroups/gke-eisa-default-pool-b5305aa8-grp",
              "https://www.googleapis.com/compute/beta/projects/sublime-lodge-256822/zones/us-central1-b/instanceGroups/gke-eisa-eisa-cluster-87cbb515-grp",
              "https://www.googleapis.com/compute/beta/projects/sublime-lodge-256822/zones/us-central1-f/instanceGroups/gke-eisa-eisa-cluster-55759d30-grp",
              "https://www.googleapis.com/compute/beta/projects/sublime-lodge-256822/zones/us-central1-c/instanceGroups/gke-eisa-eisa-cluster-19d3ed63-grp"
            ],
            "ip_allocation_policy": [],
            "location": "us-central1",
            "logging_service": "logging.googleapis.com",
            "maintenance_policy": [],
            "master_auth": [
              {
                "client_certificate": "",
                "client_certificate_config": [
                  {
                    "issue_client_certificate": false
                  }
                ],
                "client_key": "",
                "cluster_ca_certificate": "LS0tLS1CRUdJTiBDRVJUSUZJQ0FURS0tLS0tCk1JSURDekNDQWZPZ0F3SUJBZ0lRS0R4QTdIQmRsd2w2QTgrNzNtNnYrekFOQmdrcWhraUc5dzBCQVFzRkFEQXYKTVMwd0t3WURWUVFERXlRNVpHTmxaR0kzWWkweE9USTRMVFE0WTJNdFlqQXlOUzFoWWpWbFpHVmhaVFF5TkRBdwpIaGNOTVRreE1UQXhNVGd6T0RJNVdoY05NalF4TURNd01Ua3pPREk1V2pBdk1TMHdLd1lEVlFRREV5UTVaR05sClpHSTNZaTB4T1RJNExUUTRZMk10WWpBeU5TMWhZalZsWkdWaFpUUXlOREF3Z2dFaU1BMEdDU3FHU0liM0RRRUIKQVFVQUE0SUJEd0F3Z2dFS0FvSUJBUUNpbzBEZmZoTmNTMHNOdGpQVHNZTzhSdXZLNkZhc2RwUHM1WXloOU4rNApCWWk0TDkydGl1T1lVUkhOcjRzSFl5eUhFNU82SFFqTElHYm93bWJsWkdhY1FMRFlUNUxNeDRwZ09uN0ZoMk1PCmN4NWJxZEc5V29lZzErMkRvU055eWpBTTU5WDYvYm9EWE52bFB5ckQ1WmFyTkMxTHYvVFdLV3JQRno4THc1ZzMKTkluVk5ZYythZFpBWWRtUEpWTVdZaXBnUHo1TVl3MHlhaW4xZ2RlQkM5clN4TXB6WUwzU2pZd2cvcWFUdFVrKwpub292RjJjTjJNMHFwSkRlTS9OaEhZcmdJTkpucjAvem94QzN5cWtOTWpjZG9IZkordWp1SjlYQ29KTDRFYWUrCkJMTW10REpNc0NJTktjUEh5R1MrMWNFYi9uakROV2ptTzhVY0s2cHJZWitaQWdNQkFBR2pJekFoTUE0R0ExVWQKRHdFQi93UUVBd0lDQkRBUEJnTlZIUk1CQWY4RUJUQURBUUgvTUEwR0NTcUdTSWIzRFFFQkN3VUFBNElCQVFBagovbGtyRVBjZWs5WTBsZFhaRWZic1FBOUdlbFYxTjFWUkpsa2d3TlJLWU95cGVXVERSaUJuc3FrVkNJRzl4eVdoCkZ1dWd6dUJmVjFLUCtpVVJ3bUxiVDJIKzgxdHY0aE1xZUVnY3lWZS9CblM1eFN6bnNPV0s2SzJLQStZM0RyQUgKQVB4TmcralJaaFRtMXhQL0tsa3pDWG4zZVg0KzhMRVptNDJxN1FJU2hTQ3hEZjlFWjVib1ZWM1kwRmFXdlg3bApCdENSc1lNZVVZVVlqcDltUGxXOVAya3hsTm5KbzJ6Z0hrY1pkQ1orVTArWVdrU1BzMlNHMEpma3RIOWxyckdvCk5wQzUwMmt3amhIazlNUmp6VS83Y0s2VUs3aThVQXFmSkF0c09yWjdzVEtCazVoRTV6czJtNEh6djV4ZEhWTVQKeGVFNWdLK3FqZjBiNWE5VGN1bjcKLS0tLS1FTkQgQ0VSVElGSUNBVEUtLS0tLQo=",
                "password": "",
                "username": ""
              }
            ],
            "master_authorized_networks_config": [],
            "master_version": "1.13.11-gke.9",
            "min_master_version": null,
            "monitoring_service": "monitoring.googleapis.com",
            "name": "eisa",
            "network": "projects/sublime-lodge-256822/global/networks/default",
            "network_policy": [
              {
                "enabled": false,
                "provider": "PROVIDER_UNSPECIFIED"
              }
            ],
            "node_config": [
              {
                "disk_size_gb": 100,
                "disk_type": "pd-standard",
                "guest_accelerator": [],
                "image_type": "COS",
                "labels": {},
                "local_ssd_count": 0,
                "machine_type": "n1-standard-1",
                "metadata": {
                  "disable-legacy-endpoints": "true"
                },
                "min_cpu_platform": "",
                "oauth_scopes": [
                  "https://www.googleapis.com/auth/devstorage.read_only",
                  "https://www.googleapis.com/auth/logging.write",
                  "https://www.googleapis.com/auth/monitoring",
                  "https://www.googleapis.com/auth/service.management.readonly",
                  "https://www.googleapis.com/auth/servicecontrol",
                  "https://www.googleapis.com/auth/trace.append"
                ],
                "preemptible": false,
                "sandbox_config": [],
                "service_account": "default",
                "shielded_instance_config": [
                  {
                    "enable_integrity_monitoring": true,
                    "enable_secure_boot": false
                  }
                ],
                "tags": [],
                "taint": [],
                "workload_metadata_config": []
              }
            ],
            "node_locations": [
              "us-central1-b",
              "us-central1-c",
              "us-central1-f"
            ],
            "node_pool": [
              {
                "autoscaling": [],
                "initial_node_count": 1,
                "instance_group_urls": [
                  "https://www.googleapis.com/compute/v1/projects/sublime-lodge-256822/zones/us-central1-b/instanceGroupManagers/gke-eisa-default-pool-6e577535-grp",
                  "https://www.googleapis.com/compute/v1/projects/sublime-lodge-256822/zones/us-central1-f/instanceGroupManagers/gke-eisa-default-pool-9099a833-grp",
                  "https://www.googleapis.com/compute/v1/projects/sublime-lodge-256822/zones/us-central1-c/instanceGroupManagers/gke-eisa-default-pool-b5305aa8-grp"
                ],
                "management": [
                  {
                    "auto_repair": false,
                    "auto_upgrade": false
                  }
                ],
                "max_pods_per_node": 0,
                "name": "default-pool",
                "name_prefix": "",
                "node_config": [
                  {
                    "disk_size_gb": 100,
                    "disk_type": "pd-standard",
                    "guest_accelerator": [],
                    "image_type": "COS",
                    "labels": {},
                    "local_ssd_count": 0,
                    "machine_type": "n1-standard-1",
                    "metadata": {
                      "disable-legacy-endpoints": "true"
                    },
                    "min_cpu_platform": "",
                    "oauth_scopes": [
                      "https://www.googleapis.com/auth/devstorage.read_only",
                      "https://www.googleapis.com/auth/logging.write",
                      "https://www.googleapis.com/auth/monitoring",
                      "https://www.googleapis.com/auth/service.management.readonly",
                      "https://www.googleapis.com/auth/servicecontrol",
                      "https://www.googleapis.com/auth/trace.append"
                    ],
                    "preemptible": false,
                    "sandbox_config": [],
                    "service_account": "default",
                    "shielded_instance_config": [
                      {
                        "enable_integrity_monitoring": true,
                        "enable_secure_boot": false
                      }
                    ],
                    "tags": [],
                    "taint": [],
                    "workload_metadata_config": []
                  }
                ],
                "node_count": 1,
                "node_locations": [
                  "us-central1-b",
                  "us-central1-c",
                  "us-central1-f"
                ],
                "version": "1.13.11-gke.9"
              },
              {
                "autoscaling": [],
                "initial_node_count": 1,
                "instance_group_urls": [
                  "https://www.googleapis.com/compute/v1/projects/sublime-lodge-256822/zones/us-central1-b/instanceGroupManagers/gke-eisa-eisa-cluster-87cbb515-grp",
                  "https://www.googleapis.com/compute/v1/projects/sublime-lodge-256822/zones/us-central1-f/instanceGroupManagers/gke-eisa-eisa-cluster-55759d30-grp",
                  "https://www.googleapis.com/compute/v1/projects/sublime-lodge-256822/zones/us-central1-c/instanceGroupManagers/gke-eisa-eisa-cluster-19d3ed63-grp"
                ],
                "management": [
                  {
                    "auto_repair": false,
                    "auto_upgrade": false
                  }
                ],
                "max_pods_per_node": 0,
                "name": "eisa-cluster",
                "name_prefix": "",
                "node_config": [
                  {
                    "disk_size_gb": 100,
                    "disk_type": "pd-standard",
                    "guest_accelerator": [],
                    "image_type": "COS",
                    "labels": {
                      "preemptible": "true"
                    },
                    "local_ssd_count": 0,
                    "machine_type": "n1-standard-1",
                    "metadata": {
                      "disable-legacy-endpoints": "true"
                    },
                    "min_cpu_platform": "",
                    "oauth_scopes": [
                      "https://www.googleapis.com/auth/compute",
                      "https://www.googleapis.com/auth/devstorage.read_only",
                      "https://www.googleapis.com/auth/logging.write",
                      "https://www.googleapis.com/auth/monitoring"
                    ],
                    "preemptible": true,
                    "sandbox_config": [],
                    "service_account": "default",
                    "shielded_instance_config": [
                      {
                        "enable_integrity_monitoring": true,
                        "enable_secure_boot": false
                      }
                    ],
                    "tags": [],
                    "taint": [
                      {
                        "effect": "NO_SCHEDULE",
                        "key": "type",
                        "value": "preemptible"
                      }
                    ],
                    "workload_metadata_config": []
                  }
                ],
                "node_count": 1,
                "node_locations": [
                  "us-central1-b",
                  "us-central1-c",
                  "us-central1-f"
                ],
                "version": "1.13.11-gke.9"
              }
            ],
            "node_version": "1.13.11-gke.9",
            "pod_security_policy_config": [],
            "private_cluster_config": [],
            "project": "sublime-lodge-256822",
            "region": "us-central1",
            "release_channel": [
              {
                "channel": "UNSPECIFIED"
              }
            ],
            "remove_default_node_pool": false,
            "resource_labels": {},
            "resource_usage_export_config": [],
            "services_ipv4_cidr": "10.11.240.0/20",
            "subnetwork": "projects/sublime-lodge-256822/regions/us-central1/subnetworks/default",
            "timeouts": null,
            "tpu_ipv4_cidr_block": "",
            "vertical_pod_autoscaling": [],
            "workload_identity_config": [],
            "zone": null
          },
          "private": "eyJlMmJmYjczMC1lY2FhLTExZTYtOGY4OC0zNDM2M2JjN2M0YzAiOnsiY3JlYXRlIjoxODAwMDAwMDAwMDAwLCJkZWxldGUiOjE4MDAwMDAwMDAwMDAsInVwZGF0ZSI6MzYwMDAwMDAwMDAwMH0sInNjaGVtYV92ZXJzaW9uIjoiMSJ9"
        }
      ]
    },
    {
      "mode": "managed",
      "type": "google_container_node_pool",
      "name": "primary_preemptible_nodes",
      "provider": "provider.google-beta",
      "instances": [
        {
          "schema_version": 1,
          "attributes": {
            "autoscaling": [],
            "cluster": "eisa",
            "id": "us-central1/eisa/eisa-cluster",
            "initial_node_count": 1,
            "instance_group_urls": [
              "https://www.googleapis.com/compute/v1/projects/sublime-lodge-256822/zones/us-central1-b/instanceGroupManagers/gke-eisa-eisa-cluster-87cbb515-grp",
              "https://www.googleapis.com/compute/v1/projects/sublime-lodge-256822/zones/us-central1-f/instanceGroupManagers/gke-eisa-eisa-cluster-55759d30-grp",
              "https://www.googleapis.com/compute/v1/projects/sublime-lodge-256822/zones/us-central1-c/instanceGroupManagers/gke-eisa-eisa-cluster-19d3ed63-grp"
            ],
            "location": "us-central1",
            "management": [
              {
                "auto_repair": false,
                "auto_upgrade": false
              }
            ],
            "max_pods_per_node": null,
            "name": "eisa-cluster",
            "name_prefix": "",
            "node_config": [
              {
                "disk_size_gb": 100,
                "disk_type": "pd-standard",
                "guest_accelerator": [],
                "image_type": "COS",
                "labels": {
                  "preemptible": "true"
                },
                "local_ssd_count": 0,
                "machine_type": "n1-standard-1",
                "metadata": {
                  "disable-legacy-endpoints": "true"
                },
                "min_cpu_platform": "",
                "oauth_scopes": [
                  "https://www.googleapis.com/auth/compute",
                  "https://www.googleapis.com/auth/devstorage.read_only",
                  "https://www.googleapis.com/auth/logging.write",
                  "https://www.googleapis.com/auth/monitoring"
                ],
                "preemptible": true,
                "sandbox_config": [],
                "service_account": "default",
                "shielded_instance_config": [
                  {
                    "enable_integrity_monitoring": true,
                    "enable_secure_boot": false
                  }
                ],
                "tags": [],
                "taint": [
                  {
                    "effect": "NO_SCHEDULE",
                    "key": "type",
                    "value": "preemptible"
                  }
                ],
                "workload_metadata_config": []
              }
            ],
            "node_count": 1,
            "node_locations": [
              "us-central1-b",
              "us-central1-c",
              "us-central1-f"
            ],
            "project": "sublime-lodge-256822",
            "region": "us-central1",
            "timeouts": null,
            "version": "1.13.11-gke.9",
            "zone": null
          },
          "private": "eyJlMmJmYjczMC1lY2FhLTExZTYtOGY4OC0zNDM2M2JjN2M0YzAiOnsiY3JlYXRlIjoxODAwMDAwMDAwMDAwLCJkZWxldGUiOjYwMDAwMDAwMDAwMCwidXBkYXRlIjo2MDAwMDAwMDAwMDB9LCJzY2hlbWFfdmVyc2lvbiI6IjEifQ==",
          "depends_on": [
            "google_container_cluster.primary"
          ]
        }
      ]
    },
    {
      "mode": "managed",
      "type": "helm_release",
      "name": "kubedownscale",
      "provider": "provider.helm",
      "instances": [
        {
          "schema_version": 0,
          "attributes": {
            "chart": "kube-downscaler",
            "devel": null,
            "disable_webhooks": false,
            "force_update": false,
            "id": "downscale",
            "keyring": null,
            "metadata": [
              {
                "chart": "kube-downscaler",
                "name": "downscale",
                "namespace": "default",
                "revision": 1,
                "values": "{}\n",
                "version": "0.3.0"
              }
            ],
            "name": "downscale",
            "namespace": "default",
            "recreate_pods": false,
            "repository": "https://kubernetes-charts-incubator.storage.googleapis.com",
            "reuse": false,
            "reuse_values": false,
            "set": [],
            "set_sensitive": [],
            "set_string": [],
            "status": "DEPLOYED",
            "timeout": 1200,
            "values": null,
            "verify": false,
            "version": "0.3.0",
            "wait": true
          }
        }
      ]
    },
    {
      "mode": "managed",
      "type": "helm_release",
      "name": "myapp",
      "provider": "provider.helm",
      "instances": [
        {
          "schema_version": 0,
          "attributes": {
            "chart": "./charts/myapp",
            "devel": null,
            "disable_webhooks": false,
            "force_update": false,
            "id": "myapp",
            "keyring": null,
            "metadata": [
              {
                "chart": "myapp",
                "name": "myapp",
                "namespace": "eisa-prod",
                "revision": 1,
                "values": "{}\n",
                "version": "0.1.0"
              }
            ],
            "name": "myapp",
            "namespace": "eisa-prod",
            "recreate_pods": false,
            "repository": null,
            "reuse": false,
            "reuse_values": false,
            "set": [],
            "set_sensitive": [],
            "set_string": [],
            "status": "DEPLOYED",
            "timeout": 1200,
            "values": null,
            "verify": false,
            "version": "0.1.0",
            "wait": true
          }
        }
      ]
    },
    {
      "mode": "managed",
      "type": "kubernetes_service_account",
      "name": "helm_account",
      "provider": "provider.kubernetes",
      "instances": [
        {
          "schema_version": 0,
          "attributes": {
            "automount_service_account_token": false,
            "default_secret_name": "tiller-token-b67jp",
            "id": "kube-system/tiller",
            "image_pull_secret": [],
            "metadata": [
              {
                "annotations": {},
                "generate_name": "",
                "generation": 0,
                "labels": {},
                "name": "tiller",
                "namespace": "kube-system",
                "resource_version": "754",
                "self_link": "/api/v1/namespaces/kube-system/serviceaccounts/tiller",
                "uid": "a3c9e944-fcdf-11e9-aefd-42010a8000d5"
              }
            ],
            "secret": []
          },
          "private": "bnVsbA==",
          "depends_on": [
            "google_container_cluster.primary"
          ]
        }
      ]
    }
  ]
}
